
Microsoft Visual Studio Solution File, Format Version 12.00
# Visual Studio 2012
Project("{8BC9CEB8-8B4A-11D0-8D11-00A0C91BC942}") = "BOSS", "BOSS\BOSS.vcxproj", "{873CD5CD-7D40-4974-88F0-ACD4C7331B0D}"
EndProject
Global
	GlobalSection(SolutionConfigurationPlatforms) = preSolution
		Debug|Win32 = Debug|Win32
		Release|Win32 = Release|Win32
	EndGlobalSection
	GlobalSection(ProjectConfigurationPlatforms) = postSolution
		{873CD5CD-7D40-4974-88F0-ACD4C7331B0D}.Debug|Win32.ActiveCfg = Debug|Win32
		{873CD5CD-7D40-4974-88F0-ACD4C7331B0D}.Debug|Win32.Build.0 = Debug|Win32
		{873CD5CD-7D40-4974-88F0-ACD4C7331B0D}.Debug|Win32.Deploy.0 = Debug|Win32
		{873CD5CD-7D40-4974-88F0-ACD4C7331B0D}.Release|Win32.ActiveCfg = Release|Win32
		{873CD5CD-7D40-4974-88F0-ACD4C7331B0D}.Release|Win32.Build.0 = Release|Win32
	EndGlobalSection
	GlobalSection(SolutionProperties) = preSolution
		HideSolutionNode = FALSE
	EndGlobalSection
EndGlobal
